
Microsoft Visual Studio Solution File, Format Version 12.00
# Visual Studio Version 17
VisualStudioVersion = 17.4.33122.133
MinimumVisualStudioVersion = 10.0.40219.1
Project("{FAE04EC0-301F-11D3-BF4B-00C04F79EFBC}") = "New_4_3_11", "New_4_3_11\New_4_3_11.csproj", "{4571CC29-34E9-40F5-85F2-C4A307B7DD37}"
EndProject
Global
	GlobalSection(SolutionConfigurationPlatforms) = preSolution
		Debug|Any CPU = Debug|Any CPU
		Release|Any CPU = Release|Any CPU
	EndGlobalSection
	GlobalSection(ProjectConfigurationPlatforms) = postSolution
		{4571CC29-34E9-40F5-85F2-C4A307B7DD37}.Debug|Any CPU.ActiveCfg = Debug|Any CPU
		{4571CC29-34E9-40F5-85F2-C4A307B7DD37}.Debug|Any CPU.Build.0 = Debug|Any CPU
		{4571CC29-34E9-40F5-85F2-C4A307B7DD37}.Release|Any CPU.ActiveCfg = Release|Any CPU
		{4571CC29-34E9-40F5-85F2-C4A307B7DD37}.Release|Any CPU.Build.0 = Release|Any CPU
	EndGlobalSection
	GlobalSection(SolutionProperties) = preSolution
		HideSolutionNode = FALSE
	EndGlobalSection
	GlobalSection(ExtensibilityGlobals) = postSolution
		SolutionGuid = {CCC3FDAA-77B3-4DAE-858A-2358B4EBC150}
	EndGlobalSection
EndGlobal
